{
    "name": "vk-unicloud-admin",
    "version": "1.15.11",
    "lockfileVersion": 3,
    "requires": true,
    "packages": {
        "": {
            "name": "vk-unicloud-admin",
            "version": "1.15.11",
            "license": "MIT",
            "dependencies": {
                "element-ui": "2.15.7",
                "umy-ui": "1.1.6",
                "vk-unicloud-admin-ui": "^1.15.23"
            },
            "engines": {
                "HBuilderX": "^3.1.10"
            }
        },
        "node_modules/@babel/parser": {
            "version": "7.21.2",
            "resolved": "https://registry.npmjs.org/@babel/parser/-/parser-7.21.2.tgz",
            "integrity": "sha512-URpaIJQwEkEC2T9Kn+Ai6Xe/02iNaVCuT/PtoRz3GPVJVDpPd7mLo+VddTbhCRU9TXqW5mSrQfXZyi8kDKOVpQ==",
            "peer": true,
            "bin": {
                "parser": "bin/babel-parser.js"
            },
            "engines": {
                "node": ">=6.0.0"
            }
        },
        "node_modules/@vue/compiler-sfc": {
            "version": "2.7.14",
            "resolved": "https://registry.npmjs.org/@vue/compiler-sfc/-/compiler-sfc-2.7.14.tgz",
            "integrity": "sha512-aNmNHyLPsw+sVvlQFQ2/8sjNuLtK54TC6cuKnVzAY93ks4ZBrvwQSnkkIh7bsbNhum5hJBS00wSDipQ937f5DA==",
            "peer": true,
            "dependencies": {
                "@babel/parser": "^7.18.4",
                "postcss": "^8.4.14",
                "source-map": "^0.6.1"
            }
        },
        "node_modules/async-validator": {
            "version": "1.8.5",
            "resolved": "https://registry.npmjs.org/async-validator/-/async-validator-1.8.5.tgz",
            "integrity": "sha512-tXBM+1m056MAX0E8TL2iCjg8WvSyXu0Zc8LNtYqrVeyoL3+esHRZ4SieE9fKQyyU09uONjnMEjrNBMqT0mbvmA==",
            "dependencies": {
                "babel-runtime": "6.x"
            }
        },
        "node_modules/babel-helper-vue-jsx-merge-props": {
            "version": "2.0.3",
            "resolved": "https://registry.npmjs.org/babel-helper-vue-jsx-merge-props/-/babel-helper-vue-jsx-merge-props-2.0.3.tgz",
            "integrity": "sha512-gsLiKK7Qrb7zYJNgiXKpXblxbV5ffSwR0f5whkPAaBAR4fhi6bwRZxX9wBlIc5M/v8CCkXUbXZL4N/nSE97cqg=="
        },
        "node_modules/babel-runtime": {
            "version": "6.26.0",
            "resolved": "https://registry.npmjs.org/babel-runtime/-/babel-runtime-6.26.0.tgz",
            "integrity": "sha512-ITKNuq2wKlW1fJg9sSW52eepoYgZBggvOAHC0u/CYu/qxQ9EVzThCgR69BnSXLHjy2f7SY5zaQ4yt7H9ZVxY2g==",
            "dependencies": {
                "core-js": "^2.4.0",
                "regenerator-runtime": "^0.11.0"
            }
        },
        "node_modules/core-js": {
            "version": "2.6.12",
            "resolved": "https://registry.npmjs.org/core-js/-/core-js-2.6.12.tgz",
            "integrity": "sha512-Kb2wC0fvsWfQrgk8HU5lW6U/Lcs8+9aaYcy4ZFc6DDlo4nZ7n70dEgE5rtR0oG6ufKDUnrwfWL1mXR5ljDatrQ==",
            "deprecated": "core-js@<3.23.3 is no longer maintained and not recommended for usage due to the number of issues. Because of the V8 engine whims, feature detection in old core-js versions could cause a slowdown up to 100x even if nothing is polyfilled. Some versions have web compatibility issues. Please, upgrade your dependencies to the actual version of core-js.",
            "hasInstallScript": true
        },
        "node_modules/csstype": {
            "version": "3.1.1",
            "resolved": "https://registry.npmjs.org/csstype/-/csstype-3.1.1.tgz",
            "integrity": "sha512-DJR/VvkAvSZW9bTouZue2sSxDwdTN92uHjqeKVm+0dAqdfNykRzQ95tay8aXMBAAPpUiq4Qcug2L7neoRh2Egw==",
            "peer": true
        },
        "node_modules/deepmerge": {
            "version": "1.5.2",
            "resolved": "https://registry.npmjs.org/deepmerge/-/deepmerge-1.5.2.tgz",
            "integrity": "sha512-95k0GDqvBjZavkuvzx/YqVLv/6YYa17fz6ILMSf7neqQITCPbnfEnQvEgMPNjH4kgobe7+WIL0yJEHku+H3qtQ==",
            "engines": {
                "node": ">=0.10.0"
            }
        },
        "node_modules/element-ui": {
            "version": "2.15.7",
            "resolved": "https://registry.npmjs.org/element-ui/-/element-ui-2.15.7.tgz",
            "integrity": "sha512-+J6rnXajxzLwV6w8Q6bf7Yqzk1FO1ewbIrCy/4B5alnd7tj8WEpfQoAvISirVaUGVGy77d9Ji3o2bF4f0AsJLQ==",
            "dependencies": {
                "async-validator": "~1.8.1",
                "babel-helper-vue-jsx-merge-props": "^2.0.0",
                "deepmerge": "^1.2.0",
                "normalize-wheel": "^1.0.1",
                "resize-observer-polyfill": "^1.5.0",
                "throttle-debounce": "^1.0.1"
            },
            "peerDependencies": {
                "vue": "^2.5.17"
            }
        },
        "node_modules/nanoid": {
            "version": "3.3.4",
            "resolved": "https://registry.npmjs.org/nanoid/-/nanoid-3.3.4.tgz",
            "integrity": "sha512-MqBkQh/OHTS2egovRtLk45wEyNXwF+cokD+1YPf9u5VfJiRdAiRwB2froX5Co9Rh20xs4siNPm8naNotSD6RBw==",
            "peer": true,
            "bin": {
                "nanoid": "bin/nanoid.cjs"
            },
            "engines": {
                "node": "^10 || ^12 || ^13.7 || ^14 || >=15.0.1"
            }
        },
        "node_modules/normalize-wheel": {
            "version": "1.0.1",
            "resolved": "https://registry.npmjs.org/normalize-wheel/-/normalize-wheel-1.0.1.tgz",
            "integrity": "sha512-1OnlAPZ3zgrk8B91HyRj+eVv+kS5u+Z0SCsak6Xil/kmgEia50ga7zfkumayonZrImffAxPU/5WcyGhzetHNPA=="
        },
        "node_modules/picocolors": {
            "version": "1.0.0",
            "resolved": "https://registry.npmjs.org/picocolors/-/picocolors-1.0.0.tgz",
            "integrity": "sha512-1fygroTLlHu66zi26VoTDv8yRgm0Fccecssto+MhsZ0D/DGW2sm8E8AjW7NU5VVTRt5GxbeZ5qBuJr+HyLYkjQ==",
            "peer": true
        },
        "node_modules/postcss": {
            "version": "8.4.21",
            "resolved": "https://registry.npmjs.org/postcss/-/postcss-8.4.21.tgz",
            "integrity": "sha512-tP7u/Sn/dVxK2NnruI4H9BG+x+Wxz6oeZ1cJ8P6G/PZY0IKk4k/63TDsQf2kQq3+qoJeLm2kIBUNlZe3zgb4Zg==",
            "funding": [
                {
                    "type": "opencollective",
                    "url": "https://opencollective.com/postcss/"
                },
                {
                    "type": "tidelift",
                    "url": "https://tidelift.com/funding/github/npm/postcss"
                }
            ],
            "peer": true,
            "dependencies": {
                "nanoid": "^3.3.4",
                "picocolors": "^1.0.0",
                "source-map-js": "^1.0.2"
            },
            "engines": {
                "node": "^10 || ^12 || >=14"
            }
        },
        "node_modules/regenerator-runtime": {
            "version": "0.11.1",
            "resolved": "https://registry.npmjs.org/regenerator-runtime/-/regenerator-runtime-0.11.1.tgz",
            "integrity": "sha512-MguG95oij0fC3QV3URf4V2SDYGJhJnJGqvIIgdECeODCT98wSWDAJ94SSuVpYQUoTcGUIL6L4yNB7j1DFFHSBg=="
        },
        "node_modules/resize-observer-polyfill": {
            "version": "1.5.1",
            "resolved": "https://registry.npmjs.org/resize-observer-polyfill/-/resize-observer-polyfill-1.5.1.tgz",
            "integrity": "sha512-LwZrotdHOo12nQuZlHEmtuXdqGoOD0OhaxopaNFxWzInpEgaLWoVuAMbTzixuosCx2nEG58ngzW3vxdWoxIgdg=="
        },
        "node_modules/sortablejs": {
            "version": "1.10.2",
            "resolved": "https://registry.npmjs.org/sortablejs/-/sortablejs-1.10.2.tgz",
            "integrity": "sha512-YkPGufevysvfwn5rfdlGyrGjt7/CRHwvRPogD/lC+TnvcN29jDpCifKP+rBqf+LRldfXSTh+0CGLcSg0VIxq3A=="
        },
        "node_modules/source-map": {
            "version": "0.6.1",
            "resolved": "https://registry.npmjs.org/source-map/-/source-map-0.6.1.tgz",
            "integrity": "sha512-UjgapumWlbMhkBgzT7Ykc5YXUT46F0iKu8SGXq0bcwP5dz/h0Plj6enJqjz1Zbq2l5WaqYnrVbwWOWMyF3F47g==",
            "peer": true,
            "engines": {
                "node": ">=0.10.0"
            }
        },
        "node_modules/source-map-js": {
            "version": "1.0.2",
            "resolved": "https://registry.npmjs.org/source-map-js/-/source-map-js-1.0.2.tgz",
            "integrity": "sha512-R0XvVJ9WusLiqTCEiGCmICCMplcCkIwwR11mOSD9CR5u+IXYdiseeEuXCVAjS54zqwkLcPNnmU4OeJ6tUrWhDw==",
            "peer": true,
            "engines": {
                "node": ">=0.10.0"
            }
        },
        "node_modules/throttle-debounce": {
            "version": "1.1.0",
            "resolved": "https://registry.npmjs.org/throttle-debounce/-/throttle-debounce-1.1.0.tgz",
            "integrity": "sha512-XH8UiPCQcWNuk2LYePibW/4qL97+ZQ1AN3FNXwZRBNPPowo/NRU5fAlDCSNBJIYCKbioZfuYtMhG4quqoJhVzg==",
            "engines": {
                "node": ">=4"
            }
        },
        "node_modules/umy-table": {
            "version": "1.1.8",
            "resolved": "https://registry.npmjs.org/umy-table/-/umy-table-1.1.8.tgz",
            "integrity": "sha512-yqPMFwZ6MUNqI73KamsNKBTbHRA7VuVZDEWobaySghtf4n/s7INuTNQoADB/ROVK57WOXr99Xpnol0aMqGlASA==",
            "dependencies": {
                "async-validator": "~1.8.1",
                "deepmerge": "^1.2.0",
                "normalize-wheel": "^1.0.1",
                "resize-observer-polyfill": "^1.5.0",
                "throttle-debounce": "^1.0.1",
                "vuedraggable": "^2.23.2",
                "xe-utils": "^3.0.0-beta.12"
            },
            "peerDependencies": {
                "vue": ">= 2.6.0 < 3",
                "xe-utils": ">= 3"
            }
        },
        "node_modules/umy-ui": {
            "version": "1.1.6",
            "resolved": "https://registry.npmjs.org/umy-ui/-/umy-ui-1.1.6.tgz",
            "integrity": "sha512-wX0S29B5sFn8q0MvU9PEl8DGZeQmZXOJlLrwaCJ2UHiIQZCANWgXMBjjQgpaequ1gRZ8BekEu7Sn7hJccm9YMQ==",
            "dependencies": {
                "async-validator": "~1.8.1",
                "deepmerge": "^1.2.0",
                "normalize-wheel": "^1.0.1",
                "resize-observer-polyfill": "^1.5.0",
                "throttle-debounce": "^1.0.1",
                "umy-table": "1.1.8",
                "vuedraggable": "^2.23.2",
                "xe-utils": "^3.0.0-beta.12"
            },
            "peerDependencies": {
                "vue": ">= 2.6.0 < 3",
                "xe-utils": ">= 3"
            }
        },
        "node_modules/vk-unicloud-admin-ui": {
            "version": "1.15.24",
            "resolved": "https://registry.npmjs.org/vk-unicloud-admin-ui/-/vk-unicloud-admin-ui-1.15.24.tgz",
            "integrity": "sha512-Ue9zO1jERke7VDCLTEDxgAgZi2TacCKP7txUiuS6I443GLpHtd/cxNmPW5AQVlqzqa32a7R/s6ppVUeSfbQq/A=="
        },
        "node_modules/vue": {
            "version": "2.7.14",
            "resolved": "https://registry.npmjs.org/vue/-/vue-2.7.14.tgz",
            "integrity": "sha512-b2qkFyOM0kwqWFuQmgd4o+uHGU7T+2z3T+WQp8UBjADfEv2n4FEMffzBmCKNP0IGzOEEfYjvtcC62xaSKeQDrQ==",
            "peer": true,
            "dependencies": {
                "@vue/compiler-sfc": "2.7.14",
                "csstype": "^3.1.0"
            }
        },
        "node_modules/vuedraggable": {
            "version": "2.24.3",
            "resolved": "https://registry.npmjs.org/vuedraggable/-/vuedraggable-2.24.3.tgz",
            "integrity": "sha512-6/HDXi92GzB+Hcs9fC6PAAozK1RLt1ewPTLjK0anTYguXLAeySDmcnqE8IC0xa7shvSzRjQXq3/+dsZ7ETGF3g==",
            "dependencies": {
                "sortablejs": "1.10.2"
            }
        },
        "node_modules/xe-utils": {
            "version": "3.5.7",
            "resolved": "https://registry.npmjs.org/xe-utils/-/xe-utils-3.5.7.tgz",
            "integrity": "sha512-3H+fDBKBR2wLJgyA7k9C/w1Xljx6Maml5ukV0WDY06HjYyGs2FEz6XhcwRCLIDXX4pBP3Gu0nX9DbCeuuRA2Ew=="
        }
    }
}
